
Microsoft Visual Studio Solution File, Format Version 12.00
Project("{FAE04EC0-301F-11D3-BF4B-00C04F79EFBC}") = "AnimalApi", "AnimalApi\AnimalApi.csproj", "{B63B73DC-4248-4B59-A6C2-DE94F43FBB79}"
EndProject
Global
	GlobalSection(SolutionConfigurationPlatforms) = preSolution
		Debug|Any CPU = Debug|Any CPU
		Release|Any CPU = Release|Any CPU
	EndGlobalSection
	GlobalSection(ProjectConfigurationPlatforms) = postSolution
		{B63B73DC-4248-4B59-A6C2-DE94F43FBB79}.Debug|Any CPU.ActiveCfg = Debug|Any CPU
		{B63B73DC-4248-4B59-A6C2-DE94F43FBB79}.Debug|Any CPU.Build.0 = Debug|Any CPU
		{B63B73DC-4248-4B59-A6C2-DE94F43FBB79}.Release|Any CPU.ActiveCfg = Release|Any CPU
		{B63B73DC-4248-4B59-A6C2-DE94F43FBB79}.Release|Any CPU.Build.0 = Release|Any CPU
	EndGlobalSection
EndGlobal
